// !$*UTF8*$!
{
	archiveVersion = 1;
	classes = {};
	objectVersion = 56;
	objects = {

/* Begin PBXBuildFile section */
		A10000000000000000000001 /* AirMateMobileApp.swift in Sources */ = {isa = PBXBuildFile; fileRef = A20000000000000000000001 /* AirMateMobileApp.swift */; };
/* End PBXBuildFile section */

/* Begin PBXFileReference section */
		A20000000000000000000001 /* AirMateMobileApp.swift */ = {isa = PBXFileReference; lastKnownFileType = sourcecode.swift; path = AirMateMobileApp.swift; sourceTree = "<group>"; };
		A20000000000000000000002 /* Info.plist */ = {isa = PBXFileReference; lastKnownFileType = text.plist.xml; path = Info.plist; sourceTree = "<group>"; };
		A20000000000000000000003 /* AirMateMobile.app */ = {isa = PBXFileReference; explicitFileType = wrapper.application; includeInIndex = 0; path = AirMateMobile.app; sourceTree = BUILT_PRODUCTS_DIR; };
/* End PBXFileReference section */

/* Begin PBXFrameworksBuildPhase section */
		A30000000000000000000001 /* Frameworks */ = {isa = PBXFrameworksBuildPhase; buildActionMask = 2147483647; files = (); runOnlyForDeploymentPostprocessing = 0; };
/* End PBXFrameworksBuildPhase section */

/* Begin PBXGroup section */
		A40000000000000000000001 = {isa = PBXGroup; children = (A40000000000000000000002 /* AirMateMobile */, A40000000000000000000003 /* Products */,); sourceTree = "<group>"; };
		A40000000000000000000002 /* AirMateMobile */ = {isa = PBXGroup; children = (A20000000000000000000001 /* AirMateMobileApp.swift */, A20000000000000000000002 /* Info.plist */,); path = AirMateMobile; sourceTree = "<group>"; };
		A40000000000000000000003 /* Products */ = {isa = PBXGroup; children = (A20000000000000000000003 /* AirMateMobile.app */,); name = Products; sourceTree = "<group>"; };
/* End PBXGroup section */

/* Begin PBXNativeTarget section */
		A50000000000000000000001 /* AirMateMobile */ = {isa = PBXNativeTarget; buildConfigurationList = A80000000000000000000002; buildPhases = (A60000000000000000000001 /* Sources */, A30000000000000000000001 /* Frameworks */, A60000000000000000000002 /* Resources */,); buildRules = (); dependencies = (); name = AirMateMobile; productName = AirMateMobile; productReference = A20000000000000000000003 /* AirMateMobile.app */; productType = "com.apple.product-type.application"; };
/* End PBXNativeTarget section */

/* Begin PBXProject section */
		A70000000000000000000001 /* Project object */ = {isa = PBXProject; attributes = {BuildIndependentTargetsInParallel = 1; LastSwiftUpdateCheck = 2700; LastUpgradeCheck = 2700; TargetAttributes = {A50000000000000000000001 = {CreatedOnToolsVersion = 27.0;};};}; buildConfigurationList = A80000000000000000000001; compatibilityVersion = "Xcode 14.0"; developmentRegion = en; hasScannedForEncodings = 0; knownRegions = (en, Base,); mainGroup = A40000000000000000000001; productRefGroup = A40000000000000000000003; projectDirPath = ""; projectRoot = ""; targets = (A50000000000000000000001 /* AirMateMobile */,); };
/* End PBXProject section */

/* Begin PBXResourcesBuildPhase section */
		A60000000000000000000002 /* Resources */ = {isa = PBXResourcesBuildPhase; buildActionMask = 2147483647; files = (); runOnlyForDeploymentPostprocessing = 0; };
/* End PBXResourcesBuildPhase section */

/* Begin PBXSourcesBuildPhase section */
		A60000000000000000000001 /* Sources */ = {isa = PBXSourcesBuildPhase; buildActionMask = 2147483647; files = (A10000000000000000000001 /* AirMateMobileApp.swift in Sources */,); runOnlyForDeploymentPostprocessing = 0; };
/* End PBXSourcesBuildPhase section */

/* Begin XCBuildConfiguration section */
		A90000000000000000000001 /* Debug */ = {isa = XCBuildConfiguration; buildSettings = {CLANG_ENABLE_MODULES = YES; IPHONEOS_DEPLOYMENT_TARGET = 26.0; SDKROOT = iphoneos; SWIFT_VERSION = 6.0;}; name = Debug; };
		A90000000000000000000002 /* Release */ = {isa = XCBuildConfiguration; buildSettings = {CLANG_ENABLE_MODULES = YES; IPHONEOS_DEPLOYMENT_TARGET = 26.0; SDKROOT = iphoneos; SWIFT_COMPILATION_MODE = wholemodule; SWIFT_OPTIMIZATION_LEVEL = "-O"; SWIFT_VERSION = 6.0;}; name = Release; };
		A90000000000000000000003 /* Debug */ = {isa = XCBuildConfiguration; buildSettings = {CODE_SIGN_STYLE = Automatic; CURRENT_PROJECT_VERSION = 1; GENERATE_INFOPLIST_FILE = NO; INFOPLIST_FILE = AirMateMobile/Info.plist; MARKETING_VERSION = 0.5.0; PRODUCT_BUNDLE_IDENTIFIER = com.almosawi.airmate.mobile; PRODUCT_NAME = "$(TARGET_NAME)"; SWIFT_STRICT_CONCURRENCY = complete; TARGETED_DEVICE_FAMILY = "1,2";}; name = Debug; };
		A90000000000000000000004 /* Release */ = {isa = XCBuildConfiguration; buildSettings = {CODE_SIGN_STYLE = Automatic; CURRENT_PROJECT_VERSION = 1; GENERATE_INFOPLIST_FILE = NO; INFOPLIST_FILE = AirMateMobile/Info.plist; MARKETING_VERSION = 0.5.0; PRODUCT_BUNDLE_IDENTIFIER = com.almosawi.airmate.mobile; PRODUCT_NAME = "$(TARGET_NAME)"; SWIFT_STRICT_CONCURRENCY = complete; TARGETED_DEVICE_FAMILY = "1,2";}; name = Release; };
/* End XCBuildConfiguration section */

/* Begin XCConfigurationList section */
		A80000000000000000000001 = {isa = XCConfigurationList; buildConfigurations = (A90000000000000000000001 /* Debug */, A90000000000000000000002 /* Release */,); defaultConfigurationIsVisible = 0; defaultConfigurationName = Release; };
		A80000000000000000000002 = {isa = XCConfigurationList; buildConfigurations = (A90000000000000000000003 /* Debug */, A90000000000000000000004 /* Release */,); defaultConfigurationIsVisible = 0; defaultConfigurationName = Release; };
/* End XCConfigurationList section */
	};
	rootObject = A70000000000000000000001 /* Project object */;
}
